
Microsoft Visual Studio Solution File, Format Version 12.00
# Visual Studio Version 17
VisualStudioVersion = 17.8.34511.84
MinimumVisualStudioVersion = 10.0.40219.1
Project("{FAE04EC0-301F-11D3-BF4B-00C04F79EFBC}") = "LeThanhNhan_2280602169", "LeThanhNhan_2280602169\LeThanhNhan_2280602169.csproj", "{32F74CE1-7D91-40BC-A5BB-D2FAD1CA9564}"
EndProject
Global
	GlobalSection(SolutionConfigurationPlatforms) = preSolution
		Debug|Any CPU = Debug|Any CPU
		Release|Any CPU = Release|Any CPU
	EndGlobalSection
	GlobalSection(ProjectConfigurationPlatforms) = postSolution
		{32F74CE1-7D91-40BC-A5BB-D2FAD1CA9564}.Debug|Any CPU.ActiveCfg = Debug|Any CPU
		{32F74CE1-7D91-40BC-A5BB-D2FAD1CA9564}.Debug|Any CPU.Build.0 = Debug|Any CPU
		{32F74CE1-7D91-40BC-A5BB-D2FAD1CA9564}.Release|Any CPU.ActiveCfg = Release|Any CPU
		{32F74CE1-7D91-40BC-A5BB-D2FAD1CA9564}.Release|Any CPU.Build.0 = Release|Any CPU
	EndGlobalSection
	GlobalSection(SolutionProperties) = preSolution
		HideSolutionNode = FALSE
	EndGlobalSection
	GlobalSection(ExtensibilityGlobals) = postSolution
		SolutionGuid = {DFCF8D83-0A65-4714-8D7B-F5BC23FD6F21}
	EndGlobalSection
EndGlobal
